// !$*UTF8*$!
{
	archiveVersion = 1;
	classes = {
	};
	objectVersion = 55;
	objects = {

/* Begin PBXBuildFile section */
		A320B16429B4FBAC00A124EF /* SearchViewController.swift in Sources */ = {isa = PBXBuildFile; fileRef = A320B16329B4FBAC00A124EF /* SearchViewController.swift */; };
		A320B16629B4FC3900A124EF /* SearchResult.swift in Sources */ = {isa = PBXBuildFile; fileRef = A320B16529B4FC3900A124EF /* SearchResult.swift */; };
		A3FAF1EC29A5718700C51957 /* AppDelegate.swift in Sources */ = {isa = PBXBuildFile; fileRef = A3FAF1EB29A5718700C51957 /* AppDelegate.swift */; };
		A3FAF1EE29A5718700C51957 /* SceneDelegate.swift in Sources */ = {isa = PBXBuildFile; fileRef = A3FAF1ED29A5718700C51957 /* SceneDelegate.swift */; };
		A3FAF1F329A5718700C51957 /* Main.storyboard in Resources */ = {isa = PBXBuildFile; fileRef = A3FAF1F129A5718700C51957 /* Main.storyboard */; };
		A3FAF1F629A5718700C51957 /* StoreSearch.xcdatamodeld in Sources */ = {isa = PBXBuildFile; fileRef = A3FAF1F429A5718700C51957 /* StoreSearch.xcdatamodeld */; };
		A3FAF1F829A5718900C51957 /* Assets.xcassets in Resources */ = {isa = PBXBuildFile; fileRef = A3FAF1F729A5718900C51957 /* Assets.xcassets */; };
		A3FAF22B29AC246700C51957 /* UIImageView+DownloadImage.swift in Sources */ = {isa = PBXBuildFile; fileRef = A3FAF22A29AC246700C51957 /* UIImageView+DownloadImage.swift */; };
		A3FAF22F29AC249700C51957 /* SearchResultCell.swift in Sources */ = {isa = PBXBuildFile; fileRef = A3FAF22E29AC249700C51957 /* SearchResultCell.swift */; };
		A3FAF23329AC250800C51957 /* LoadingCell.xib in Resources */ = {isa = PBXBuildFile; fileRef = A3FAF23229AC250800C51957 /* LoadingCell.xib */; };
		A3FAF23529AC263400C51957 /* NothingFoundCell.xib in Resources */ = {isa = PBXBuildFile; fileRef = A3FAF23429AC263400C51957 /* NothingFoundCell.xib */; };
		A3FAF23729AC26E800C51957 /* SearchResultCell.xib in Resources */ = {isa = PBXBuildFile; fileRef = A3FAF23629AC26E800C51957 /* SearchResultCell.xib */; };
/* End PBXBuildFile section */

/* Begin PBXFileReference section */
		A320B16329B4FBAC00A124EF /* SearchViewController.swift */ = {isa = PBXFileReference; fileEncoding = 4; lastKnownFileType = sourcecode.swift; name = SearchViewController.swift; path = "../../chapter-36-final/StoreSearch/SearchViewController.swift"; sourceTree = "<group>"; };
		A320B16529B4FC3900A124EF /* SearchResult.swift */ = {isa = PBXFileReference; fileEncoding = 4; lastKnownFileType = sourcecode.swift; name = SearchResult.swift; path = "../../chapter-36-final/StoreSearch/SearchResult.swift"; sourceTree = "<group>"; };
		A3FAF1E829A5718700C51957 /* StoreSearch.app */ = {isa = PBXFileReference; explicitFileType = wrapper.application; includeInIndex = 0; path = StoreSearch.app; sourceTree = BUILT_PRODUCTS_DIR; };
		A3FAF1EB29A5718700C51957 /* AppDelegate.swift */ = {isa = PBXFileReference; lastKnownFileType = sourcecode.swift; path = AppDelegate.swift; sourceTree = "<group>"; };
		A3FAF1ED29A5718700C51957 /* SceneDelegate.swift */ = {isa = PBXFileReference; lastKnownFileType = sourcecode.swift; path = SceneDelegate.swift; sourceTree = "<group>"; };
		A3FAF1F229A5718700C51957 /* Base */ = {isa = PBXFileReference; lastKnownFileType = file.storyboard; name = Base; path = Base.lproj/Main.storyboard; sourceTree = "<group>"; };
		A3FAF1F529A5718700C51957 /* StoreSearch.xcdatamodel */ = {isa = PBXFileReference; lastKnownFileType = wrapper.xcdatamodel; path = StoreSearch.xcdatamodel; sourceTree = "<group>"; };
		A3FAF1F729A5718900C51957 /* Assets.xcassets */ = {isa = PBXFileReference; lastKnownFileType = folder.assetcatalog; path = Assets.xcassets; sourceTree = "<group>"; };
		A3FAF1FC29A5718900C51957 /* Info.plist */ = {isa = PBXFileReference; lastKnownFileType = text.plist.xml; path = Info.plist; sourceTree = "<group>"; };
		A3FAF22A29AC246700C51957 /* UIImageView+DownloadImage.swift */ = {isa = PBXFileReference; fileEncoding = 4; lastKnownFileType = sourcecode.swift; path = "UIImageView+DownloadImage.swift"; sourceTree = "<group>"; };
		A3FAF22E29AC249700C51957 /* SearchResultCell.swift */ = {isa = PBXFileReference; fileEncoding = 4; lastKnownFileType = sourcecode.swift; path = SearchResultCell.swift; sourceTree = "<group>"; };
		A3FAF23229AC250800C51957 /* LoadingCell.xib */ = {isa = PBXFileReference; lastKnownFileType = file.xib; path = LoadingCell.xib; sourceTree = "<group>"; };
		A3FAF23429AC263400C51957 /* NothingFoundCell.xib */ = {isa = PBXFileReference; lastKnownFileType = file.xib; path = NothingFoundCell.xib; sourceTree = "<group>"; };
		A3FAF23629AC26E800C51957 /* SearchResultCell.xib */ = {isa = PBXFileReference; lastKnownFileType = file.xib; path = SearchResultCell.xib; sourceTree = "<group>"; };
/* End PBXFileReference section */

/* Begin PBXFrameworksBuildPhase section */
		A3FAF1E529A5718700C51957 /* Frameworks */ = {
			isa = PBXFrameworksBuildPhase;
			buildActionMask = 2147483647;
			files = (
			);
			runOnlyForDeploymentPostprocessing = 0;
		};
/* End PBXFrameworksBuildPhase section */

/* Begin PBXGroup section */
		A3FAF1DF29A5718700C51957 = {
			isa = PBXGroup;
			children = (
				A3FAF1EA29A5718700C51957 /* StoreSearch */,
				A3FAF1E929A5718700C51957 /* Products */,
			);
			sourceTree = "<group>";
		};
		A3FAF1E929A5718700C51957 /* Products */ = {
			isa = PBXGroup;
			children = (
				A3FAF1E829A5718700C51957 /* StoreSearch.app */,
			);
			name = Products;
			sourceTree = "<group>";
		};
		A3FAF1EA29A5718700C51957 /* StoreSearch */ = {
			isa = PBXGroup;
			children = (
				A3FAF1EB29A5718700C51957 /* AppDelegate.swift */,
				A3FAF1ED29A5718700C51957 /* SceneDelegate.swift */,
				A320B16329B4FBAC00A124EF /* SearchViewController.swift */,
				A3FAF1F129A5718700C51957 /* Main.storyboard */,
				A3FAF1F729A5718900C51957 /* Assets.xcassets */,
				A3FAF1FC29A5718900C51957 /* Info.plist */,
				A3FAF1F429A5718700C51957 /* StoreSearch.xcdatamodeld */,
				A3FAF23229AC250800C51957 /* LoadingCell.xib */,
				A3FAF23429AC263400C51957 /* NothingFoundCell.xib */,
				A3FAF23629AC26E800C51957 /* SearchResultCell.xib */,
				A3FAF22E29AC249700C51957 /* SearchResultCell.swift */,
				A320B16529B4FC3900A124EF /* SearchResult.swift */,
				A3FAF22A29AC246700C51957 /* UIImageView+DownloadImage.swift */,
			);
			path = StoreSearch;
			sourceTree = "<group>";
		};
/* End PBXGroup section */

/* Begin PBXNativeTarget section */
		A3FAF1E729A5718700C51957 /* StoreSearch */ = {
			isa = PBXNativeTarget;
			buildConfigurationList = A3FAF1FF29A5718900C51957 /* Build configuration list for PBXNativeTarget "StoreSearch" */;
			buildPhases = (
				A3FAF1E429A5718700C51957 /* Sources */,
				A3FAF1E529A5718700C51957 /* Frameworks */,
				A3FAF1E629A5718700C51957 /* Resources */,
			);
			buildRules = (
			);
			dependencies = (
			);
			name = StoreSearch;
			productName = StoreSearch;
			productReference = A3FAF1E829A5718700C51957 /* StoreSearch.app */;
			productType = "com.apple.product-type.application";
		};
/* End PBXNativeTarget section */

/* Begin PBXProject section */
		A3FAF1E029A5718700C51957 /* Project object */ = {
			isa = PBXProject;
			attributes = {
				BuildIndependentTargetsInParallel = 1;
				LastSwiftUpdateCheck = 1320;
				LastUpgradeCheck = 1320;
				TargetAttributes = {
					A3FAF1E729A5718700C51957 = {
						CreatedOnToolsVersion = 13.2.1;
					};
				};
			};
			buildConfigurationList = A3FAF1E329A5718700C51957 /* Build configuration list for PBXProject "StoreSearch" */;
			compatibilityVersion = "Xcode 13.0";
			developmentRegion = en;
			hasScannedForEncodings = 0;
			knownRegions = (
				en,
				Base,
			);
			mainGroup = A3FAF1DF29A5718700C51957;
			productRefGroup = A3FAF1E929A5718700C51957 /* Products */;
			projectDirPath = "";
			projectRoot = "";
			targets = (
				A3FAF1E729A5718700C51957 /* StoreSearch */,
			);
		};
/* End PBXProject section */

/* Begin PBXResourcesBuildPhase section */
		A3FAF1E629A5718700C51957 /* Resources */ = {
			isa = PBXResourcesBuildPhase;
			buildActionMask = 2147483647;
			files = (
				A3FAF23529AC263400C51957 /* NothingFoundCell.xib in Resources */,
				A3FAF23729AC26E800C51957 /* SearchResultCell.xib in Resources */,
				A3FAF1F829A5718900C51957 /* Assets.xcassets in Resources */,
				A3FAF1F329A5718700C51957 /* Main.storyboard in Resources */,
				A3FAF23329AC250800C51957 /* LoadingCell.xib in Resources */,
			);
			runOnlyForDeploymentPostprocessing = 0;
		};
/* End PBXResourcesBuildPhase section */

/* Begin PBXSourcesBuildPhase section */
		A3FAF1E429A5718700C51957 /* Sources */ = {
			isa = PBXSourcesBuildPhase;
			buildActionMask = 2147483647;
			files = (
				A320B16429B4FBAC00A124EF /* SearchViewController.swift in Sources */,
				A320B16629B4FC3900A124EF /* SearchResult.swift in Sources */,
				A3FAF22B29AC246700C51957 /* UIImageView+DownloadImage.swift in Sources */,
				A3FAF1EC29A5718700C51957 /* AppDelegate.swift in Sources */,
				A3FAF1EE29A5718700C51957 /* SceneDelegate.swift in Sources */,
				A3FAF22F29AC249700C51957 /* SearchResultCell.swift in Sources */,
				A3FAF1F629A5718700C51957 /* StoreSearch.xcdatamodeld in Sources */,
			);
			runOnlyForDeploymentPostprocessing = 0;
		};
/* End PBXSourcesBuildPhase section */

/* Begin PBXVariantGroup section */
		A3FAF1F129A5718700C51957 /* Main.storyboard */ = {
			isa = PBXVariantGroup;
			children = (
				A3FAF1F229A5718700C51957 /* Base */,
			);
			name = Main.storyboard;
			sourceTree = "<group>";
		};
/* End PBXVariantGroup section */

/* Begin XCBuildConfiguration section */
		A3FAF1FD29A5718900C51957 /* Debug */ = {
			isa = XCBuildConfiguration;
			buildSettings = {
				ALWAYS_SEARCH_USER_PATHS = NO;
				CLANG_ANALYZER_NONNULL = YES;
				CLANG_ANALYZER_NUMBER_OBJECT_CONVERSION = YES_AGGRESSIVE;
				CLANG_CXX_LANGUAGE_STANDARD = "gnu++17";
				CLANG_CXX_LIBRARY = "libc++";
				CLANG_ENABLE_MODULES = YES;
				CLANG_ENABLE_OBJC_ARC = YES;
				CLANG_ENABLE_OBJC_WEAK = YES;
				CLANG_WARN_BLOCK_CAPTURE_AUTORELEASING = YES;
				CLANG_WARN_BOOL_CONVERSION = YES;
				CLANG_WARN_COMMA = YES;
				CLANG_WARN_CONSTANT_CONVERSION = YES;
				CLANG_WARN_DEPRECATED_OBJC_IMPLEMENTATIONS = YES;
				CLANG_WARN_DIRECT_OBJC_ISA_USAGE = YES_ERROR;
				CLANG_WARN_DOCUMENTATION_COMMENTS = YES;
				CLANG_WARN_EMPTY_BODY = YES;
				CLANG_WARN_ENUM_CONVERSION = YES;
				CLANG_WARN_INFINITE_RECURSION = YES;
				CLANG_WARN_INT_CONVERSION = YES;
				CLANG_WARN_NON_LITERAL_NULL_CONVERSION = YES;
				CLANG_WARN_OBJC_IMPLICIT_RETAIN_SELF = YES;
				CLANG_WARN_OBJC_LITERAL_CONVERSION = YES;
				CLANG_WARN_OBJC_ROOT_CLASS = YES_ERROR;
				CLANG_WARN_QUOTED_INCLUDE_IN_FRAMEWORK_HEADER = YES;
				CLANG_WARN_RANGE_LOOP_ANALYSIS = YES;
				CLANG_WARN_STRICT_PROTOTYPES = YES;
				CLANG_WARN_SUSPICIOUS_MOVE = YES;
				CLANG_WARN_UNGUARDED_AVAILABILITY = YES_AGGRESSIVE;
				CLANG_WARN_UNREACHABLE_CODE = YES;
				CLANG_WARN__DUPLICATE_METHOD_MATCH = YES;
				COPY_PHASE_STRIP = NO;
				DEBUG_INFORMATION_FORMAT = dwarf;
				ENABLE_STRICT_OBJC_MSGSEND = YES;
				ENABLE_TESTABILITY = YES;
				GCC_C_LANGUAGE_STANDARD = gnu11;
				GCC_DYNAMIC_NO_PIC = NO;
				GCC_NO_COMMON_BLOCKS = YES;
				GCC_OPTIMIZATION_LEVEL = 0;
				GCC_PREPROCESSOR_DEFINITIONS = (
					"DEBUG=1",
					"$(inherited)",
				);
				GCC_WARN_64_TO_32_BIT_CONVERSION = YES;
				GCC_WARN_ABOUT_RETURN_TYPE = YES_ERROR;
				GCC_WARN_UNDECLARED_SELECTOR = YES;
				GCC_WARN_UNINITIALIZED_AUTOS = YES_AGGRESSIVE;
				GCC_WARN_UNUSED_FUNCTION = YES;
				GCC_WARN_UNUSED_VARIABLE = YES;
				IPHONEOS_DEPLOYMENT_TARGET = 15.2;
				MTL_ENABLE_DEBUG_INFO = INCLUDE_SOURCE;
				MTL_FAST_MATH = YES;
				ONLY_ACTIVE_ARCH = YES;
				SDKROOT = iphoneos;
				SWIFT_ACTIVE_COMPILATION_CONDITIONS = DEBUG;
				SWIFT_OPTIMIZATION_LEVEL = "-Onone";
			};
			name = Debug;
		};
		A3FAF1FE29A5718900C51957 /* Release */ = {
			isa = XCBuildConfiguration;
			buildSettings = {
				ALWAYS_SEARCH_USER_PATHS = NO;
				CLANG_ANALYZER_NONNULL = YES;
				CLANG_ANALYZER_NUMBER_OBJECT_CONVERSION = YES_AGGRESSIVE;
				CLANG_CXX_LANGUAGE_STANDARD = "gnu++17";
				CLANG_CXX_LIBRARY = "libc++";
				CLANG_ENABLE_MODULES = YES;
				CLANG_ENABLE_OBJC_ARC = YES;
				CLANG_ENABLE_OBJC_WEAK = YES;
				CLANG_WARN_BLOCK_CAPTURE_AUTORELEASING = YES;
				CLANG_WARN_BOOL_CONVERSION = YES;
				CLANG_WARN_COMMA = YES;
				CLANG_WARN_CONSTANT_CONVERSION = YES;
				CLANG_WARN_DEPRECATED_OBJC_IMPLEMENTATIONS = YES;
				CLANG_WARN_DIRECT_OBJC_ISA_USAGE = YES_ERROR;
				CLANG_WARN_DOCUMENTATION_COMMENTS = YES;
				CLANG_WARN_EMPTY_BODY = YES;
				CLANG_WARN_ENUM_CONVERSION = YES;
				CLANG_WARN_INFINITE_RECURSION = YES;
				CLANG_WARN_INT_CONVERSION = YES;
				CLANG_WARN_NON_LITERAL_NULL_CONVERSION = YES;
				CLANG_WARN_OBJC_IMPLICIT_RETAIN_SELF = YES;
				CLANG_WARN_OBJC_LITERAL_CONVERSION = YES;
				CLANG_WARN_OBJC_ROOT_CLASS = YES_ERROR;
				CLANG_WARN_QUOTED_INCLUDE_IN_FRAMEWORK_HEADER = YES;
				CLANG_WARN_RANGE_LOOP_ANALYSIS = YES;
				CLANG_WARN_STRICT_PROTOTYPES = YES;
				CLANG_WARN_SUSPICIOUS_MOVE = YES;
				CLANG_WARN_UNGUARDED_AVAILABILITY = YES_AGGRESSIVE;
				CLANG_WARN_UNREACHABLE_CODE = YES;
				CLANG_WARN__DUPLICATE_METHOD_MATCH = YES;
				COPY_PHASE_STRIP = NO;
				DEBUG_INFORMATION_FORMAT = "dwarf-with-dsym";
				ENABLE_NS_ASSERTIONS = NO;
				ENABLE_STRICT_OBJC_MSGSEND = YES;
				GCC_C_LANGUAGE_STANDARD = gnu11;
				GCC_NO_COMMON_BLOCKS = YES;
				GCC_WARN_64_TO_32_BIT_CONVERSION = YES;
				GCC_WARN_ABOUT_RETURN_TYPE = YES_ERROR;
				GCC_WARN_UNDECLARED_SELECTOR = YES;
				GCC_WARN_UNINITIALIZED_AUTOS = YES_AGGRESSIVE;
				GCC_WARN_UNUSED_FUNCTION = YES;
				GCC_WARN_UNUSED_VARIABLE = YES;
				IPHONEOS_DEPLOYMENT_TARGET = 15.2;
				MTL_ENABLE_DEBUG_INFO = NO;
				MTL_FAST_MATH = YES;
				SDKROOT = iphoneos;
				SWIFT_COMPILATION_MODE = wholemodule;
				SWIFT_OPTIMIZATION_LEVEL = "-O";
				VALIDATE_PRODUCT = YES;
			};
			name = Release;
		};
		A3FAF20029A5718900C51957 /* Debug */ = {
			isa = XCBuildConfiguration;
			buildSettings = {
				ASSETCATALOG_COMPILER_APPICON_NAME = AppIcon;
				ASSETCATALOG_COMPILER_GLOBAL_ACCENT_COLOR_NAME = AccentColor;
				CODE_SIGN_STYLE = Automatic;
				CURRENT_PROJECT_VERSION = 1;
				GENERATE_INFOPLIST_FILE = YES;
				INFOPLIST_FILE = StoreSearch/Info.plist;
				INFOPLIST_KEY_UIApplicationSupportsIndirectInputEvents = YES;
				INFOPLIST_KEY_UILaunchStoryboardName = LaunchScreen;
				INFOPLIST_KEY_UIMainStoryboardFile = Main;
				INFOPLIST_KEY_UISupportedInterfaceOrientations_iPad = "UIInterfaceOrientationPortrait UIInterfaceOrientationPortraitUpsideDown UIInterfaceOrientationLandscapeLeft UIInterfaceOrientationLandscapeRight";
				INFOPLIST_KEY_UISupportedInterfaceOrientations_iPhone = "UIInterfaceOrientationPortrait UIInterfaceOrientationLandscapeLeft UIInterfaceOrientationLandscapeRight";
				LD_RUNPATH_SEARCH_PATHS = (
					"$(inherited)",
					"@executable_path/Frameworks",
				);
				MARKETING_VERSION = 1.0;
				PRODUCT_BUNDLE_IDENTIFIER = com.razerware.StoreSearch;
				PRODUCT_NAME = "$(TARGET_NAME)";
				SWIFT_EMIT_LOC_STRINGS = YES;
				SWIFT_VERSION = 5.0;
				TARGETED_DEVICE_FAMILY = "1,2";
			};
			name = Debug;
		};
		A3FAF20129A5718900C51957 /* Release */ = {
			isa = XCBuildConfiguration;
			buildSettings = {
				ASSETCATALOG_COMPILER_APPICON_NAME = AppIcon;
				ASSETCATALOG_COMPILER_GLOBAL_ACCENT_COLOR_NAME = AccentColor;
				CODE_SIGN_STYLE = Automatic;
				CURRENT_PROJECT_VERSION = 1;
				GENERATE_INFOPLIST_FILE = YES;
				INFOPLIST_FILE = StoreSearch/Info.plist;
				INFOPLIST_KEY_UIApplicationSupportsIndirectInputEvents = YES;
				INFOPLIST_KEY_UILaunchStoryboardName = LaunchScreen;
				INFOPLIST_KEY_UIMainStoryboardFile = Main;
				INFOPLIST_KEY_UISupportedInterfaceOrientations_iPad = "UIInterfaceOrientationPortrait UIInterfaceOrientationPortraitUpsideDown UIInterfaceOrientationLandscapeLeft UIInterfaceOrientationLandscapeRight";
				INFOPLIST_KEY_UISupportedInterfaceOrientations_iPhone = "UIInterfaceOrientationPortrait UIInterfaceOrientationLandscapeLeft UIInterfaceOrientationLandscapeRight";
				LD_RUNPATH_SEARCH_PATHS = (
					"$(inherited)",
					"@executable_path/Frameworks",
				);
				MARKETING_VERSION = 1.0;
				PRODUCT_BUNDLE_IDENTIFIER = com.razerware.StoreSearch;
				PRODUCT_NAME = "$(TARGET_NAME)";
				SWIFT_EMIT_LOC_STRINGS = YES;
				SWIFT_VERSION = 5.0;
				TARGETED_DEVICE_FAMILY = "1,2";
			};
			name = Release;
		};
/* End XCBuildConfiguration section */

/* Begin XCConfigurationList section */
		A3FAF1E329A5718700C51957 /* Build configuration list for PBXProject "StoreSearch" */ = {
			isa = XCConfigurationList;
			buildConfigurations = (
				A3FAF1FD29A5718900C51957 /* Debug */,
				A3FAF1FE29A5718900C51957 /* Release */,
			);
			defaultConfigurationIsVisible = 0;
			defaultConfigurationName = Release;
		};
		A3FAF1FF29A5718900C51957 /* Build configuration list for PBXNativeTarget "StoreSearch" */ = {
			isa = XCConfigurationList;
			buildConfigurations = (
				A3FAF20029A5718900C51957 /* Debug */,
				A3FAF20129A5718900C51957 /* Release */,
			);
			defaultConfigurationIsVisible = 0;
			defaultConfigurationName = Release;
		};
/* End XCConfigurationList section */

/* Begin XCVersionGroup section */
		A3FAF1F429A5718700C51957 /* StoreSearch.xcdatamodeld */ = {
			isa = XCVersionGroup;
			children = (
				A3FAF1F529A5718700C51957 /* StoreSearch.xcdatamodel */,
			);
			currentVersion = A3FAF1F529A5718700C51957 /* StoreSearch.xcdatamodel */;
			path = StoreSearch.xcdatamodeld;
			sourceTree = "<group>";
			versionGroupType = wrapper.xcdatamodel;
		};
/* End XCVersionGroup section */
	};
	rootObject = A3FAF1E029A5718700C51957 /* Project object */;
}
